
Microsoft Visual Studio Solution File, Format Version 12.00
# Visual Studio 15
VisualStudioVersion = 15.0.28307.136
MinimumVisualStudioVersion = 10.0.40219.1
Project("{DA7A21FA-8162-4350-AD77-A8D1B671F3ED}") = "cimir", "cimir.rxproj", "{0462297E-F68D-4C80-96DF-650DF7EB6DA5}"
EndProject
Global
	GlobalSection(SolutionConfigurationPlatforms) = preSolution
		Debug|Any CPU = Debug|Any CPU
		Release|Any CPU = Release|Any CPU
	EndGlobalSection
	GlobalSection(ProjectConfigurationPlatforms) = postSolution
		{0462297E-F68D-4C80-96DF-650DF7EB6DA5}.Debug|Any CPU.ActiveCfg = Debug|Any CPU
		{0462297E-F68D-4C80-96DF-650DF7EB6DA5}.Debug|Any CPU.Build.0 = Debug|Any CPU
		{0462297E-F68D-4C80-96DF-650DF7EB6DA5}.Release|Any CPU.ActiveCfg = Release|Any CPU
		{0462297E-F68D-4C80-96DF-650DF7EB6DA5}.Release|Any CPU.Build.0 = Release|Any CPU
	EndGlobalSection
	GlobalSection(SolutionProperties) = preSolution
		HideSolutionNode = FALSE
	EndGlobalSection
	GlobalSection(ExtensibilityGlobals) = postSolution
		SolutionGuid = {2954CCD0-D2F7-4906-A4B4-5912129AD5E9}
	EndGlobalSection
EndGlobal
